
Microsoft Visual Studio Solution File, Format Version 12.00
# Visual Studio Version 16
VisualStudioVersion = 16.0.29009.5
MinimumVisualStudioVersion = 10.0.40219.1
Project("{FAE04EC0-301F-11D3-BF4B-00C04F79EFBC}") = "7dtd-svmanager-fix-mvvm", "7dtd-svmanager-fix-mvvm\7dtd-svmanager-fix-mvvm.csproj", "{EA4492F6-A0A0-44E2-853A-14F1E5C79F4B}"
EndProject
Project("{FAE04EC0-301F-11D3-BF4B-00C04F79EFBC}") = "Updater", "Updater\Updater.csproj", "{08707246-F4EE-46FF-A2DE-1D9924B4706D}"
EndProject
Project("{FAE04EC0-301F-11D3-BF4B-00C04F79EFBC}") = "ConfigFileMaker", "ConfigFileMaker\ConfigFileMaker.csproj", "{2C19CBC9-5DEE-4B81-8792-ECCEA59AA906}"
EndProject
Project("{2150E333-8FDC-42A3-9474-1A3956D46DE8}") = "Libraries", "Libraries", "{2FA6990C-0A0D-4D9C-8C0E-67EBE81C0053}"
EndProject
Project("{2150E333-8FDC-42A3-9474-1A3956D46DE8}") = "Applications", "Applications", "{0333E27F-0504-40A4-A258-7D138F45DFE3}"
EndProject
Project("{2150E333-8FDC-42A3-9474-1A3956D46DE8}") = "Tests", "Tests", "{5A07C2C2-CEB4-4416-88D0-C861C5FC70CD}"
EndProject
Project("{9A19103F-16F7-4668-BE54-9A1E7A4F7556}") = "SavannahManagerLib", "SavannahManagerLib\SavannahManagerLib.csproj", "{D1901E96-34C0-4B20-8AA2-85DFF24F2AEA}"
EndProject
Project("{2150E333-8FDC-42A3-9474-1A3956D46DE8}") = "Nuget", "Nuget", "{225DEDC8-1BEA-488F-BDDF-A53803792EAE}"
	ProjectSection(SolutionItems) = preProject
		nuget.config = nuget.config
	EndProjectSection
EndProject
Project("{9A19103F-16F7-4668-BE54-9A1E7A4F7556}") = "SavannahManagerLibTests", "SavannahManagerLibTests\SavannahManagerLibTests.csproj", "{FF85B784-C168-4052-B396-36050EFC33A0}"
EndProject
Project("{9A19103F-16F7-4668-BE54-9A1E7A4F7556}") = "ConfigEditor", "ConfigEditor\ConfigEditor.csproj", "{74E1B004-5043-477D-9718-762DE9AD331D}"
EndProject
Project("{2150E333-8FDC-42A3-9474-1A3956D46DE8}") = "UpdateLogs", "UpdateLogs", "{74269012-6DA3-4537-996B-B97E153F2545}"
	ProjectSection(SolutionItems) = preProject
		UpdateLogs\updates.en.xml = UpdateLogs\updates.en.xml
		UpdateLogs\updates.ja.xml = UpdateLogs\updates.ja.xml
	EndProjectSection
EndProject
Project("{9A19103F-16F7-4668-BE54-9A1E7A4F7556}") = "SavannahXmlEditor", "SavannahXmlEditor\SavannahXmlEditor.csproj", "{B647216F-5E01-4A2D-83DE-342BDB787CB5}"
EndProject
Global
	GlobalSection(SolutionConfigurationPlatforms) = preSolution
		Debug|Any CPU = Debug|Any CPU
		Debug|x64 = Debug|x64
		Debug|x86 = Debug|x86
		Release|Any CPU = Release|Any CPU
		Release|x64 = Release|x64
		Release|x86 = Release|x86
	EndGlobalSection
	GlobalSection(ProjectConfigurationPlatforms) = postSolution
		{EA4492F6-A0A0-44E2-853A-14F1E5C79F4B}.Debug|Any CPU.ActiveCfg = Debug|Any CPU
		{EA4492F6-A0A0-44E2-853A-14F1E5C79F4B}.Debug|Any CPU.Build.0 = Debug|Any CPU
		{EA4492F6-A0A0-44E2-853A-14F1E5C79F4B}.Debug|x64.ActiveCfg = Debug|x64
		{EA4492F6-A0A0-44E2-853A-14F1E5C79F4B}.Debug|x64.Build.0 = Debug|x64
		{EA4492F6-A0A0-44E2-853A-14F1E5C79F4B}.Debug|x86.ActiveCfg = Debug|x86
		{EA4492F6-A0A0-44E2-853A-14F1E5C79F4B}.Debug|x86.Build.0 = Debug|x86
		{EA4492F6-A0A0-44E2-853A-14F1E5C79F4B}.Release|Any CPU.ActiveCfg = Release|Any CPU
		{EA4492F6-A0A0-44E2-853A-14F1E5C79F4B}.Release|Any CPU.Build.0 = Release|Any CPU
		{EA4492F6-A0A0-44E2-853A-14F1E5C79F4B}.Release|x64.ActiveCfg = Release|x64
		{EA4492F6-A0A0-44E2-853A-14F1E5C79F4B}.Release|x64.Build.0 = Release|x64
		{EA4492F6-A0A0-44E2-853A-14F1E5C79F4B}.Release|x86.ActiveCfg = Release|x86
		{EA4492F6-A0A0-44E2-853A-14F1E5C79F4B}.Release|x86.Build.0 = Release|x86
		{08707246-F4EE-46FF-A2DE-1D9924B4706D}.Debug|Any CPU.ActiveCfg = Debug|Any CPU
		{08707246-F4EE-46FF-A2DE-1D9924B4706D}.Debug|Any CPU.Build.0 = Debug|Any CPU
		{08707246-F4EE-46FF-A2DE-1D9924B4706D}.Debug|x64.ActiveCfg = Debug|x64
		{08707246-F4EE-46FF-A2DE-1D9924B4706D}.Debug|x64.Build.0 = Debug|x64
		{08707246-F4EE-46FF-A2DE-1D9924B4706D}.Debug|x86.ActiveCfg = Debug|x86
		{08707246-F4EE-46FF-A2DE-1D9924B4706D}.Debug|x86.Build.0 = Debug|x86
		{08707246-F4EE-46FF-A2DE-1D9924B4706D}.Release|Any CPU.ActiveCfg = Release|Any CPU
		{08707246-F4EE-46FF-A2DE-1D9924B4706D}.Release|Any CPU.Build.0 = Release|Any CPU
		{08707246-F4EE-46FF-A2DE-1D9924B4706D}.Release|x64.ActiveCfg = Release|x64
		{08707246-F4EE-46FF-A2DE-1D9924B4706D}.Release|x64.Build.0 = Release|x64
		{08707246-F4EE-46FF-A2DE-1D9924B4706D}.Release|x86.ActiveCfg = Release|x86
		{08707246-F4EE-46FF-A2DE-1D9924B4706D}.Release|x86.Build.0 = Release|x86
		{2C19CBC9-5DEE-4B81-8792-ECCEA59AA906}.Debug|Any CPU.ActiveCfg = Debug|Any CPU
		{2C19CBC9-5DEE-4B81-8792-ECCEA59AA906}.Debug|Any CPU.Build.0 = Debug|Any CPU
		{2C19CBC9-5DEE-4B81-8792-ECCEA59AA906}.Debug|x64.ActiveCfg = Debug|Any CPU
		{2C19CBC9-5DEE-4B81-8792-ECCEA59AA906}.Debug|x64.Build.0 = Debug|Any CPU
		{2C19CBC9-5DEE-4B81-8792-ECCEA59AA906}.Debug|x86.ActiveCfg = Debug|x86
		{2C19CBC9-5DEE-4B81-8792-ECCEA59AA906}.Debug|x86.Build.0 = Debug|x86
		{2C19CBC9-5DEE-4B81-8792-ECCEA59AA906}.Release|Any CPU.ActiveCfg = Release|Any CPU
		{2C19CBC9-5DEE-4B81-8792-ECCEA59AA906}.Release|Any CPU.Build.0 = Release|Any CPU
		{2C19CBC9-5DEE-4B81-8792-ECCEA59AA906}.Release|x64.ActiveCfg = Release|x64
		{2C19CBC9-5DEE-4B81-8792-ECCEA59AA906}.Release|x64.Build.0 = Release|x64
		{2C19CBC9-5DEE-4B81-8792-ECCEA59AA906}.Release|x86.ActiveCfg = Release|x86
		{2C19CBC9-5DEE-4B81-8792-ECCEA59AA906}.Release|x86.Build.0 = Release|x86
		{D1901E96-34C0-4B20-8AA2-85DFF24F2AEA}.Debug|Any CPU.ActiveCfg = Debug|Any CPU
		{D1901E96-34C0-4B20-8AA2-85DFF24F2AEA}.Debug|Any CPU.Build.0 = Debug|Any CPU
		{D1901E96-34C0-4B20-8AA2-85DFF24F2AEA}.Debug|x64.ActiveCfg = Debug|Any CPU
		{D1901E96-34C0-4B20-8AA2-85DFF24F2AEA}.Debug|x64.Build.0 = Debug|Any CPU
		{D1901E96-34C0-4B20-8AA2-85DFF24F2AEA}.Debug|x86.ActiveCfg = Debug|Any CPU
		{D1901E96-34C0-4B20-8AA2-85DFF24F2AEA}.Debug|x86.Build.0 = Debug|Any CPU
		{D1901E96-34C0-4B20-8AA2-85DFF24F2AEA}.Release|Any CPU.ActiveCfg = Release|Any CPU
		{D1901E96-34C0-4B20-8AA2-85DFF24F2AEA}.Release|Any CPU.Build.0 = Release|Any CPU
		{D1901E96-34C0-4B20-8AA2-85DFF24F2AEA}.Release|x64.ActiveCfg = Release|Any CPU
		{D1901E96-34C0-4B20-8AA2-85DFF24F2AEA}.Release|x64.Build.0 = Release|Any CPU
		{D1901E96-34C0-4B20-8AA2-85DFF24F2AEA}.Release|x86.ActiveCfg = Release|Any CPU
		{D1901E96-34C0-4B20-8AA2-85DFF24F2AEA}.Release|x86.Build.0 = Release|Any CPU
		{FF85B784-C168-4052-B396-36050EFC33A0}.Debug|Any CPU.ActiveCfg = Debug|Any CPU
		{FF85B784-C168-4052-B396-36050EFC33A0}.Debug|Any CPU.Build.0 = Debug|Any CPU
		{FF85B784-C168-4052-B396-36050EFC33A0}.Debug|x64.ActiveCfg = Debug|Any CPU
		{FF85B784-C168-4052-B396-36050EFC33A0}.Debug|x64.Build.0 = Debug|Any CPU
		{FF85B784-C168-4052-B396-36050EFC33A0}.Debug|x86.ActiveCfg = Debug|Any CPU
		{FF85B784-C168-4052-B396-36050EFC33A0}.Debug|x86.Build.0 = Debug|Any CPU
		{FF85B784-C168-4052-B396-36050EFC33A0}.Release|Any CPU.ActiveCfg = Release|Any CPU
		{FF85B784-C168-4052-B396-36050EFC33A0}.Release|Any CPU.Build.0 = Release|Any CPU
		{FF85B784-C168-4052-B396-36050EFC33A0}.Release|x64.ActiveCfg = Release|Any CPU
		{FF85B784-C168-4052-B396-36050EFC33A0}.Release|x64.Build.0 = Release|Any CPU
		{FF85B784-C168-4052-B396-36050EFC33A0}.Release|x86.ActiveCfg = Release|Any CPU
		{FF85B784-C168-4052-B396-36050EFC33A0}.Release|x86.Build.0 = Release|Any CPU
		{74E1B004-5043-477D-9718-762DE9AD331D}.Debug|Any CPU.ActiveCfg = Debug|Any CPU
		{74E1B004-5043-477D-9718-762DE9AD331D}.Debug|Any CPU.Build.0 = Debug|Any CPU
		{74E1B004-5043-477D-9718-762DE9AD331D}.Debug|x64.ActiveCfg = Debug|Any CPU
		{74E1B004-5043-477D-9718-762DE9AD331D}.Debug|x64.Build.0 = Debug|Any CPU
		{74E1B004-5043-477D-9718-762DE9AD331D}.Debug|x86.ActiveCfg = Debug|Any CPU
		{74E1B004-5043-477D-9718-762DE9AD331D}.Debug|x86.Build.0 = Debug|Any CPU
		{74E1B004-5043-477D-9718-762DE9AD331D}.Release|Any CPU.ActiveCfg = Release|Any CPU
		{74E1B004-5043-477D-9718-762DE9AD331D}.Release|Any CPU.Build.0 = Release|Any CPU
		{74E1B004-5043-477D-9718-762DE9AD331D}.Release|x64.ActiveCfg = Release|Any CPU
		{74E1B004-5043-477D-9718-762DE9AD331D}.Release|x64.Build.0 = Release|Any CPU
		{74E1B004-5043-477D-9718-762DE9AD331D}.Release|x86.ActiveCfg = Release|Any CPU
		{74E1B004-5043-477D-9718-762DE9AD331D}.Release|x86.Build.0 = Release|Any CPU
		{B647216F-5E01-4A2D-83DE-342BDB787CB5}.Debug|Any CPU.ActiveCfg = Debug|Any CPU
		{B647216F-5E01-4A2D-83DE-342BDB787CB5}.Debug|Any CPU.Build.0 = Debug|Any CPU
		{B647216F-5E01-4A2D-83DE-342BDB787CB5}.Debug|x64.ActiveCfg = Debug|Any CPU
		{B647216F-5E01-4A2D-83DE-342BDB787CB5}.Debug|x64.Build.0 = Debug|Any CPU
		{B647216F-5E01-4A2D-83DE-342BDB787CB5}.Debug|x86.ActiveCfg = Debug|Any CPU
		{B647216F-5E01-4A2D-83DE-342BDB787CB5}.Debug|x86.Build.0 = Debug|Any CPU
		{B647216F-5E01-4A2D-83DE-342BDB787CB5}.Release|Any CPU.ActiveCfg = Release|Any CPU
		{B647216F-5E01-4A2D-83DE-342BDB787CB5}.Release|Any CPU.Build.0 = Release|Any CPU
		{B647216F-5E01-4A2D-83DE-342BDB787CB5}.Release|x64.ActiveCfg = Release|Any CPU
		{B647216F-5E01-4A2D-83DE-342BDB787CB5}.Release|x64.Build.0 = Release|Any CPU
		{B647216F-5E01-4A2D-83DE-342BDB787CB5}.Release|x86.ActiveCfg = Release|Any CPU
		{B647216F-5E01-4A2D-83DE-342BDB787CB5}.Release|x86.Build.0 = Release|Any CPU
	EndGlobalSection
	GlobalSection(SolutionProperties) = preSolution
		HideSolutionNode = FALSE
	EndGlobalSection
	GlobalSection(NestedProjects) = preSolution
		{EA4492F6-A0A0-44E2-853A-14F1E5C79F4B} = {0333E27F-0504-40A4-A258-7D138F45DFE3}
		{08707246-F4EE-46FF-A2DE-1D9924B4706D} = {0333E27F-0504-40A4-A258-7D138F45DFE3}
		{2C19CBC9-5DEE-4B81-8792-ECCEA59AA906} = {0333E27F-0504-40A4-A258-7D138F45DFE3}
		{D1901E96-34C0-4B20-8AA2-85DFF24F2AEA} = {2FA6990C-0A0D-4D9C-8C0E-67EBE81C0053}
		{FF85B784-C168-4052-B396-36050EFC33A0} = {5A07C2C2-CEB4-4416-88D0-C861C5FC70CD}
		{74E1B004-5043-477D-9718-762DE9AD331D} = {0333E27F-0504-40A4-A258-7D138F45DFE3}
		{B647216F-5E01-4A2D-83DE-342BDB787CB5} = {0333E27F-0504-40A4-A258-7D138F45DFE3}
	EndGlobalSection
	GlobalSection(ExtensibilityGlobals) = postSolution
		SolutionGuid = {31C190B0-ABF9-42A1-9D21-B9089B220FA9}
	EndGlobalSection
EndGlobal
