
Microsoft Visual Studio Solution File, Format Version 12.00
# Visual Studio 15
VisualStudioVersion = 15.0.27130.2020
MinimumVisualStudioVersion = 10.0.40219.1
Project("{FAE04EC0-301F-11D3-BF4B-00C04F79EFBC}") = "7dtd-svmanager-fix-mvvm", "7dtd-svmanager-fix-mvvm\7dtd-svmanager-fix-mvvm.csproj", "{EA4492F6-A0A0-44E2-853A-14F1E5C79F4B}"
EndProject
Project("{FAE04EC0-301F-11D3-BF4B-00C04F79EFBC}") = "SvManagerLibrary", "SvManagerLibrary\SvManagerLibrary.csproj", "{ADB034D1-B0FB-43D0-ACAC-3F5214CC03D7}"
EndProject
Project("{FAE04EC0-301F-11D3-BF4B-00C04F79EFBC}") = "ConfigFileViewer", "ConfigFileViewer\ConfigFileViewer.csproj", "{E1165D5E-8784-4A68-B79E-8408E5F295F8}"
EndProject
Project("{FAE04EC0-301F-11D3-BF4B-00C04F79EFBC}") = "ConfigEditor-mvvm", "ConfigEditor-mvvm\ConfigEditor-mvvm.csproj", "{BC540253-94E1-4384-8174-4AC19D44B148}"
EndProject
Project("{FAE04EC0-301F-11D3-BF4B-00C04F79EFBC}") = "Updater", "Updater\Updater.csproj", "{08707246-F4EE-46FF-A2DE-1D9924B4706D}"
EndProject
Global
	GlobalSection(SolutionConfigurationPlatforms) = preSolution
		Debug|Any CPU = Debug|Any CPU
		Debug|x64 = Debug|x64
		Debug|x86 = Debug|x86
		Release|Any CPU = Release|Any CPU
		Release|x64 = Release|x64
		Release|x86 = Release|x86
	EndGlobalSection
	GlobalSection(ProjectConfigurationPlatforms) = postSolution
		{EA4492F6-A0A0-44E2-853A-14F1E5C79F4B}.Debug|Any CPU.ActiveCfg = Debug|Any CPU
		{EA4492F6-A0A0-44E2-853A-14F1E5C79F4B}.Debug|Any CPU.Build.0 = Debug|Any CPU
		{EA4492F6-A0A0-44E2-853A-14F1E5C79F4B}.Debug|x64.ActiveCfg = Debug|x64
		{EA4492F6-A0A0-44E2-853A-14F1E5C79F4B}.Debug|x64.Build.0 = Debug|x64
		{EA4492F6-A0A0-44E2-853A-14F1E5C79F4B}.Debug|x86.ActiveCfg = Debug|x86
		{EA4492F6-A0A0-44E2-853A-14F1E5C79F4B}.Debug|x86.Build.0 = Debug|x86
		{EA4492F6-A0A0-44E2-853A-14F1E5C79F4B}.Release|Any CPU.ActiveCfg = Release|Any CPU
		{EA4492F6-A0A0-44E2-853A-14F1E5C79F4B}.Release|Any CPU.Build.0 = Release|Any CPU
		{EA4492F6-A0A0-44E2-853A-14F1E5C79F4B}.Release|x64.ActiveCfg = Release|x64
		{EA4492F6-A0A0-44E2-853A-14F1E5C79F4B}.Release|x64.Build.0 = Release|x64
		{EA4492F6-A0A0-44E2-853A-14F1E5C79F4B}.Release|x86.ActiveCfg = Release|x86
		{EA4492F6-A0A0-44E2-853A-14F1E5C79F4B}.Release|x86.Build.0 = Release|x86
		{ADB034D1-B0FB-43D0-ACAC-3F5214CC03D7}.Debug|Any CPU.ActiveCfg = Debug|Any CPU
		{ADB034D1-B0FB-43D0-ACAC-3F5214CC03D7}.Debug|Any CPU.Build.0 = Debug|Any CPU
		{ADB034D1-B0FB-43D0-ACAC-3F5214CC03D7}.Debug|x64.ActiveCfg = Debug|x64
		{ADB034D1-B0FB-43D0-ACAC-3F5214CC03D7}.Debug|x64.Build.0 = Debug|x64
		{ADB034D1-B0FB-43D0-ACAC-3F5214CC03D7}.Debug|x86.ActiveCfg = Debug|x86
		{ADB034D1-B0FB-43D0-ACAC-3F5214CC03D7}.Debug|x86.Build.0 = Debug|x86
		{ADB034D1-B0FB-43D0-ACAC-3F5214CC03D7}.Release|Any CPU.ActiveCfg = Release|Any CPU
		{ADB034D1-B0FB-43D0-ACAC-3F5214CC03D7}.Release|Any CPU.Build.0 = Release|Any CPU
		{ADB034D1-B0FB-43D0-ACAC-3F5214CC03D7}.Release|x64.ActiveCfg = Release|x64
		{ADB034D1-B0FB-43D0-ACAC-3F5214CC03D7}.Release|x64.Build.0 = Release|x64
		{ADB034D1-B0FB-43D0-ACAC-3F5214CC03D7}.Release|x86.ActiveCfg = Release|x86
		{ADB034D1-B0FB-43D0-ACAC-3F5214CC03D7}.Release|x86.Build.0 = Release|x86
		{E1165D5E-8784-4A68-B79E-8408E5F295F8}.Debug|Any CPU.ActiveCfg = Debug|Any CPU
		{E1165D5E-8784-4A68-B79E-8408E5F295F8}.Debug|Any CPU.Build.0 = Debug|Any CPU
		{E1165D5E-8784-4A68-B79E-8408E5F295F8}.Debug|x64.ActiveCfg = Debug|x64
		{E1165D5E-8784-4A68-B79E-8408E5F295F8}.Debug|x64.Build.0 = Debug|x64
		{E1165D5E-8784-4A68-B79E-8408E5F295F8}.Debug|x86.ActiveCfg = Debug|x86
		{E1165D5E-8784-4A68-B79E-8408E5F295F8}.Debug|x86.Build.0 = Debug|x86
		{E1165D5E-8784-4A68-B79E-8408E5F295F8}.Release|Any CPU.ActiveCfg = Release|Any CPU
		{E1165D5E-8784-4A68-B79E-8408E5F295F8}.Release|Any CPU.Build.0 = Release|Any CPU
		{E1165D5E-8784-4A68-B79E-8408E5F295F8}.Release|x64.ActiveCfg = Release|Any CPU
		{E1165D5E-8784-4A68-B79E-8408E5F295F8}.Release|x64.Build.0 = Release|Any CPU
		{E1165D5E-8784-4A68-B79E-8408E5F295F8}.Release|x86.ActiveCfg = Release|x86
		{E1165D5E-8784-4A68-B79E-8408E5F295F8}.Release|x86.Build.0 = Release|x86
		{BC540253-94E1-4384-8174-4AC19D44B148}.Debug|Any CPU.ActiveCfg = Debug|Any CPU
		{BC540253-94E1-4384-8174-4AC19D44B148}.Debug|Any CPU.Build.0 = Debug|Any CPU
		{BC540253-94E1-4384-8174-4AC19D44B148}.Debug|x64.ActiveCfg = Debug|x64
		{BC540253-94E1-4384-8174-4AC19D44B148}.Debug|x64.Build.0 = Debug|x64
		{BC540253-94E1-4384-8174-4AC19D44B148}.Debug|x86.ActiveCfg = Debug|x86
		{BC540253-94E1-4384-8174-4AC19D44B148}.Debug|x86.Build.0 = Debug|x86
		{BC540253-94E1-4384-8174-4AC19D44B148}.Release|Any CPU.ActiveCfg = Release|Any CPU
		{BC540253-94E1-4384-8174-4AC19D44B148}.Release|Any CPU.Build.0 = Release|Any CPU
		{BC540253-94E1-4384-8174-4AC19D44B148}.Release|x64.ActiveCfg = Release|x64
		{BC540253-94E1-4384-8174-4AC19D44B148}.Release|x64.Build.0 = Release|x64
		{BC540253-94E1-4384-8174-4AC19D44B148}.Release|x86.ActiveCfg = Release|x86
		{BC540253-94E1-4384-8174-4AC19D44B148}.Release|x86.Build.0 = Release|x86
		{08707246-F4EE-46FF-A2DE-1D9924B4706D}.Debug|Any CPU.ActiveCfg = Debug|Any CPU
		{08707246-F4EE-46FF-A2DE-1D9924B4706D}.Debug|Any CPU.Build.0 = Debug|Any CPU
		{08707246-F4EE-46FF-A2DE-1D9924B4706D}.Debug|x64.ActiveCfg = Debug|x64
		{08707246-F4EE-46FF-A2DE-1D9924B4706D}.Debug|x64.Build.0 = Debug|x64
		{08707246-F4EE-46FF-A2DE-1D9924B4706D}.Debug|x86.ActiveCfg = Debug|x86
		{08707246-F4EE-46FF-A2DE-1D9924B4706D}.Debug|x86.Build.0 = Debug|x86
		{08707246-F4EE-46FF-A2DE-1D9924B4706D}.Release|Any CPU.ActiveCfg = Release|Any CPU
		{08707246-F4EE-46FF-A2DE-1D9924B4706D}.Release|Any CPU.Build.0 = Release|Any CPU
		{08707246-F4EE-46FF-A2DE-1D9924B4706D}.Release|x64.ActiveCfg = Release|Any CPU
		{08707246-F4EE-46FF-A2DE-1D9924B4706D}.Release|x64.Build.0 = Release|Any CPU
		{08707246-F4EE-46FF-A2DE-1D9924B4706D}.Release|x86.ActiveCfg = Release|Any CPU
		{08707246-F4EE-46FF-A2DE-1D9924B4706D}.Release|x86.Build.0 = Release|Any CPU
	EndGlobalSection
	GlobalSection(SolutionProperties) = preSolution
		HideSolutionNode = FALSE
	EndGlobalSection
	GlobalSection(ExtensibilityGlobals) = postSolution
		SolutionGuid = {31C190B0-ABF9-42A1-9D21-B9089B220FA9}
	EndGlobalSection
EndGlobal
